
Microsoft Visual Studio Solution File, Format Version 12.00
# Visual Studio Version 17
VisualStudioVersion = 17.0.31919.166
MinimumVisualStudioVersion = 10.0.40219.1
Project("{9A19103F-16F7-4668-BE54-9A1E7A4F7556}") = "SistemaPlanificacionSNP.Domain", "SistemaPlanificacionSNP.Domain\SistemaPlanificacionSNP.Domain.csproj", "{1A1A1A1A-1A1A-1A1A-1A1A-1A1A1A1A1A1A}"
EndProject
Project("{9A19103F-16F7-4668-BE54-9A1E7A4F7556}") = "SistemaPlanificacionSNP.Infrastructure", "SistemaPlanificacionSNP.Infrastructure\SistemaPlanificacionSNP.Infrastructure.csproj", "{2B2B2B2B-2B2B-2B2B-2B2B-2B2B2B2B2B2B}"
EndProject
Project("{9A19103F-16F7-4668-BE54-9A1E7A4F7556}") = "SistemaPlanificacionSNP.Auth.Api", "SistemaPlanificacionSNP.Auth.Api\SistemaPlanificacionSNP.Auth.Api.csproj", "{3C3C3C3C-3C3C-3C3C-3C3C-3C3C3C3C3C3C}"
EndProject
Project("{9A19103F-16F7-4668-BE54-9A1E7A4F7556}") = "SistemaPlanificacionSNP.Parametrizacion.Api", "SistemaPlanificacionSNP.Parametrizacion.Api\SistemaPlanificacionSNP.Parametrizacion.Api.csproj", "{4D4D4D4D-4D4D-4D4D-4D4D-4D4D4D4D4D4D}"
EndProject
Project("{9A19103F-16F7-4668-BE54-9A1E7A4F7556}") = "SistemaPlanificacionSNP.MacroPlanificacion.Api", "SistemaPlanificacionSNP.MacroPlanificacion.Api\SistemaPlanificacionSNP.MacroPlanificacion.Api.csproj", "{5E5E5E5E-5E5E-5E5E-5E5E-5E5E5E5E5E5E}"
EndProject
Project("{9A19103F-16F7-4668-BE54-9A1E7A4F7556}") = "SistemaPlanificacionSNP.PlanificacionInstitucional.Api", "SistemaPlanificacionSNP.PlanificacionInstitucional.Api\SistemaPlanificacionSNP.PlanificacionInstitucional.Api.csproj", "{6F6F6F6F-6F6F-6F6F-6F6F-6F6F6F6F6F6F}"
EndProject
Project("{9A19103F-16F7-4668-BE54-9A1E7A4F7556}") = "SistemaPlanificacionSNP.ControlCalidad.Api", "SistemaPlanificacionSNP.ControlCalidad.Api\SistemaPlanificacionSNP.ControlCalidad.Api.csproj", "{7A7A7A7A-7A7A-7A7A-7A7A-7A7A7A7A7A7A}"
EndProject
Project("{9A19103F-16F7-4668-BE54-9A1E7A4F7556}") = "SistemaPlanificacionSNP.ApiGateway", "SistemaPlanificacionSNP.ApiGateway\SistemaPlanificacionSNP.ApiGateway.csproj", "{8B8B8B8B-8B8B-8B8B-8B8B-8B8B8B8B8B8B}"
EndProject
Project("{9A19103F-16F7-4668-BE54-9A1E7A4F7556}") = "SistemaPlanificacionSNP.Web", "SistemaPlanificacionSNP.Web\SistemaPlanificacionSNP.Web.csproj", "{9C9C9C9C-9C9C-9C9C-9C9C-9C9C9C9C9C9C}"
EndProject
Project("{FAE04EC0-301F-11D3-BF4B-00C04F79EFBC}") = "SistemaPlanificacionSNP.Auth.Api.Tests", "SistemaPlanificacionSNP.Auth.Api.Tests\SistemaPlanificacionSNP.Auth.Api.Tests.csproj", "{2D29DF2B-34E8-43FA-9250-2F6636484E5D}"
EndProject
Project("{FAE04EC0-301F-11D3-BF4B-00C04F79EFBC}") = "SistemaPlanificacionSNP.ControlCalidad.Api.Tests", "SistemaPlanificacionSNP.ControlCalidad.Api.Tests\SistemaPlanificacionSNP.ControlCalidad.Api.Tests.csproj", "{76F9C239-ADC6-486E-93CF-4AF6F638E9C0}"
EndProject
Project("{FAE04EC0-301F-11D3-BF4B-00C04F79EFBC}") = "SistemaPlanificacionSNP.MacroPlanificacion.Api.Tests", "SistemaPlanificacionSNP.MacroPlanificacion.Api.Tests\SistemaPlanificacionSNP.MacroPlanificacion.Api.Tests.csproj", "{D13A6C4E-8E20-4F91-9E6E-6C8B5A7F2C11}"
EndProject
Project("{FAE04EC0-301F-11D3-BF4B-00C04F79EFBC}") = "SistemaPlanificacionSNP.Parametrizacion.Api.Tests", "SistemaPlanificacionSNP.Parametrizacion.Api.Tests\SistemaPlanificacionSNP.Parametrizacion.Api.Tests.csproj", "{B68E65F4-13C2-40D9-9E8E-4C3B2E0C9A31}"
EndProject
Project("{FAE04EC0-301F-11D3-BF4B-00C04F79EFBC}") = "SistemaPlanificacionSNP.Web.Tests", "SistemaPlanificacionSNP.Web.Tests\SistemaPlanificacionSNP.Web.Tests.csproj", "{E1D71FE7-068D-45DF-BED8-4AC77FDB8877}"
EndProject
Global
	GlobalSection(SolutionConfigurationPlatforms) = preSolution
		Debug|Any CPU = Debug|Any CPU
		Debug|x64 = Debug|x64
		Debug|x86 = Debug|x86
		Release|Any CPU = Release|Any CPU
		Release|x64 = Release|x64
		Release|x86 = Release|x86
	EndGlobalSection
	GlobalSection(ProjectConfigurationPlatforms) = postSolution
		{1A1A1A1A-1A1A-1A1A-1A1A-1A1A1A1A1A1A}.Debug|Any CPU.ActiveCfg = Debug|Any CPU
		{1A1A1A1A-1A1A-1A1A-1A1A-1A1A1A1A1A1A}.Debug|Any CPU.Build.0 = Debug|Any CPU
		{1A1A1A1A-1A1A-1A1A-1A1A-1A1A1A1A1A1A}.Debug|x64.ActiveCfg = Debug|Any CPU
		{1A1A1A1A-1A1A-1A1A-1A1A-1A1A1A1A1A1A}.Debug|x64.Build.0 = Debug|Any CPU
		{1A1A1A1A-1A1A-1A1A-1A1A-1A1A1A1A1A1A}.Debug|x86.ActiveCfg = Debug|Any CPU
		{1A1A1A1A-1A1A-1A1A-1A1A-1A1A1A1A1A1A}.Debug|x86.Build.0 = Debug|Any CPU
		{1A1A1A1A-1A1A-1A1A-1A1A-1A1A1A1A1A1A}.Release|Any CPU.ActiveCfg = Release|Any CPU
		{1A1A1A1A-1A1A-1A1A-1A1A-1A1A1A1A1A1A}.Release|Any CPU.Build.0 = Release|Any CPU
		{1A1A1A1A-1A1A-1A1A-1A1A-1A1A1A1A1A1A}.Release|x64.ActiveCfg = Release|Any CPU
		{1A1A1A1A-1A1A-1A1A-1A1A-1A1A1A1A1A1A}.Release|x64.Build.0 = Release|Any CPU
		{1A1A1A1A-1A1A-1A1A-1A1A-1A1A1A1A1A1A}.Release|x86.ActiveCfg = Release|Any CPU
		{1A1A1A1A-1A1A-1A1A-1A1A-1A1A1A1A1A1A}.Release|x86.Build.0 = Release|Any CPU
		{2B2B2B2B-2B2B-2B2B-2B2B-2B2B2B2B2B2B}.Debug|Any CPU.ActiveCfg = Debug|Any CPU
		{2B2B2B2B-2B2B-2B2B-2B2B-2B2B2B2B2B2B}.Debug|Any CPU.Build.0 = Debug|Any CPU
		{2B2B2B2B-2B2B-2B2B-2B2B-2B2B2B2B2B2B}.Debug|x64.ActiveCfg = Debug|Any CPU
		{2B2B2B2B-2B2B-2B2B-2B2B-2B2B2B2B2B2B}.Debug|x64.Build.0 = Debug|Any CPU
		{2B2B2B2B-2B2B-2B2B-2B2B-2B2B2B2B2B2B}.Debug|x86.ActiveCfg = Debug|Any CPU
		{2B2B2B2B-2B2B-2B2B-2B2B-2B2B2B2B2B2B}.Debug|x86.Build.0 = Debug|Any CPU
		{2B2B2B2B-2B2B-2B2B-2B2B-2B2B2B2B2B2B}.Release|Any CPU.ActiveCfg = Release|Any CPU
		{2B2B2B2B-2B2B-2B2B-2B2B-2B2B2B2B2B2B}.Release|Any CPU.Build.0 = Release|Any CPU
		{2B2B2B2B-2B2B-2B2B-2B2B-2B2B2B2B2B2B}.Release|x64.ActiveCfg = Release|Any CPU
		{2B2B2B2B-2B2B-2B2B-2B2B-2B2B2B2B2B2B}.Release|x64.Build.0 = Release|Any CPU
		{2B2B2B2B-2B2B-2B2B-2B2B-2B2B2B2B2B2B}.Release|x86.ActiveCfg = Release|Any CPU
		{2B2B2B2B-2B2B-2B2B-2B2B-2B2B2B2B2B2B}.Release|x86.Build.0 = Release|Any CPU
		{3C3C3C3C-3C3C-3C3C-3C3C-3C3C3C3C3C3C}.Debug|Any CPU.ActiveCfg = Debug|Any CPU
		{3C3C3C3C-3C3C-3C3C-3C3C-3C3C3C3C3C3C}.Debug|Any CPU.Build.0 = Debug|Any CPU
		{3C3C3C3C-3C3C-3C3C-3C3C-3C3C3C3C3C3C}.Debug|x64.ActiveCfg = Debug|Any CPU
		{3C3C3C3C-3C3C-3C3C-3C3C-3C3C3C3C3C3C}.Debug|x64.Build.0 = Debug|Any CPU
		{3C3C3C3C-3C3C-3C3C-3C3C-3C3C3C3C3C3C}.Debug|x86.ActiveCfg = Debug|Any CPU
		{3C3C3C3C-3C3C-3C3C-3C3C-3C3C3C3C3C3C}.Debug|x86.Build.0 = Debug|Any CPU
		{3C3C3C3C-3C3C-3C3C-3C3C-3C3C3C3C3C3C}.Release|Any CPU.ActiveCfg = Release|Any CPU
		{3C3C3C3C-3C3C-3C3C-3C3C-3C3C3C3C3C3C}.Release|Any CPU.Build.0 = Release|Any CPU
		{3C3C3C3C-3C3C-3C3C-3C3C-3C3C3C3C3C3C}.Release|x64.ActiveCfg = Release|Any CPU
		{3C3C3C3C-3C3C-3C3C-3C3C-3C3C3C3C3C3C}.Release|x64.Build.0 = Release|Any CPU
		{3C3C3C3C-3C3C-3C3C-3C3C-3C3C3C3C3C3C}.Release|x86.ActiveCfg = Release|Any CPU
		{3C3C3C3C-3C3C-3C3C-3C3C-3C3C3C3C3C3C}.Release|x86.Build.0 = Release|Any CPU
		{4D4D4D4D-4D4D-4D4D-4D4D-4D4D4D4D4D4D}.Debug|Any CPU.ActiveCfg = Debug|Any CPU
		{4D4D4D4D-4D4D-4D4D-4D4D-4D4D4D4D4D4D}.Debug|Any CPU.Build.0 = Debug|Any CPU
		{4D4D4D4D-4D4D-4D4D-4D4D-4D4D4D4D4D4D}.Debug|x64.ActiveCfg = Debug|Any CPU
		{4D4D4D4D-4D4D-4D4D-4D4D-4D4D4D4D4D4D}.Debug|x64.Build.0 = Debug|Any CPU
		{4D4D4D4D-4D4D-4D4D-4D4D-4D4D4D4D4D4D}.Debug|x86.ActiveCfg = Debug|Any CPU
		{4D4D4D4D-4D4D-4D4D-4D4D-4D4D4D4D4D4D}.Debug|x86.Build.0 = Debug|Any CPU
		{4D4D4D4D-4D4D-4D4D-4D4D-4D4D4D4D4D4D}.Release|Any CPU.ActiveCfg = Release|Any CPU
		{4D4D4D4D-4D4D-4D4D-4D4D-4D4D4D4D4D4D}.Release|Any CPU.Build.0 = Release|Any CPU
		{4D4D4D4D-4D4D-4D4D-4D4D-4D4D4D4D4D4D}.Release|x64.ActiveCfg = Release|Any CPU
		{4D4D4D4D-4D4D-4D4D-4D4D-4D4D4D4D4D4D}.Release|x64.Build.0 = Release|Any CPU
		{4D4D4D4D-4D4D-4D4D-4D4D-4D4D4D4D4D4D}.Release|x86.ActiveCfg = Release|Any CPU
		{4D4D4D4D-4D4D-4D4D-4D4D-4D4D4D4D4D4D}.Release|x86.Build.0 = Release|Any CPU
		{5E5E5E5E-5E5E-5E5E-5E5E-5E5E5E5E5E5E}.Debug|Any CPU.ActiveCfg = Debug|Any CPU
		{5E5E5E5E-5E5E-5E5E-5E5E-5E5E5E5E5E5E}.Debug|Any CPU.Build.0 = Debug|Any CPU
		{5E5E5E5E-5E5E-5E5E-5E5E-5E5E5E5E5E5E}.Debug|x64.ActiveCfg = Debug|Any CPU
		{5E5E5E5E-5E5E-5E5E-5E5E-5E5E5E5E5E5E}.Debug|x64.Build.0 = Debug|Any CPU
		{5E5E5E5E-5E5E-5E5E-5E5E-5E5E5E5E5E5E}.Debug|x86.ActiveCfg = Debug|Any CPU
		{5E5E5E5E-5E5E-5E5E-5E5E-5E5E5E5E5E5E}.Debug|x86.Build.0 = Debug|Any CPU
		{5E5E5E5E-5E5E-5E5E-5E5E-5E5E5E5E5E5E}.Release|Any CPU.ActiveCfg = Release|Any CPU
		{5E5E5E5E-5E5E-5E5E-5E5E-5E5E5E5E5E5E}.Release|Any CPU.Build.0 = Release|Any CPU
		{5E5E5E5E-5E5E-5E5E-5E5E-5E5E5E5E5E5E}.Release|x64.ActiveCfg = Release|Any CPU
		{5E5E5E5E-5E5E-5E5E-5E5E-5E5E5E5E5E5E}.Release|x64.Build.0 = Release|Any CPU
		{5E5E5E5E-5E5E-5E5E-5E5E-5E5E5E5E5E5E}.Release|x86.ActiveCfg = Release|Any CPU
		{5E5E5E5E-5E5E-5E5E-5E5E-5E5E5E5E5E5E}.Release|x86.Build.0 = Release|Any CPU
		{6F6F6F6F-6F6F-6F6F-6F6F-6F6F6F6F6F6F}.Debug|Any CPU.ActiveCfg = Debug|Any CPU
		{6F6F6F6F-6F6F-6F6F-6F6F-6F6F6F6F6F6F}.Debug|Any CPU.Build.0 = Debug|Any CPU
		{6F6F6F6F-6F6F-6F6F-6F6F-6F6F6F6F6F6F}.Debug|x64.ActiveCfg = Debug|Any CPU
		{6F6F6F6F-6F6F-6F6F-6F6F-6F6F6F6F6F6F}.Debug|x64.Build.0 = Debug|Any CPU
		{6F6F6F6F-6F6F-6F6F-6F6F-6F6F6F6F6F6F}.Debug|x86.ActiveCfg = Debug|Any CPU
		{6F6F6F6F-6F6F-6F6F-6F6F-6F6F6F6F6F6F}.Debug|x86.Build.0 = Debug|Any CPU
		{6F6F6F6F-6F6F-6F6F-6F6F-6F6F6F6F6F6F}.Release|Any CPU.ActiveCfg = Release|Any CPU
		{6F6F6F6F-6F6F-6F6F-6F6F-6F6F6F6F6F6F}.Release|Any CPU.Build.0 = Release|Any CPU
		{6F6F6F6F-6F6F-6F6F-6F6F-6F6F6F6F6F6F}.Release|x64.ActiveCfg = Release|Any CPU
		{6F6F6F6F-6F6F-6F6F-6F6F-6F6F6F6F6F6F}.Release|x64.Build.0 = Release|Any CPU
		{6F6F6F6F-6F6F-6F6F-6F6F-6F6F6F6F6F6F}.Release|x86.ActiveCfg = Release|Any CPU
		{6F6F6F6F-6F6F-6F6F-6F6F-6F6F6F6F6F6F}.Release|x86.Build.0 = Release|Any CPU
		{7A7A7A7A-7A7A-7A7A-7A7A-7A7A7A7A7A7A}.Debug|Any CPU.ActiveCfg = Debug|Any CPU
		{7A7A7A7A-7A7A-7A7A-7A7A-7A7A7A7A7A7A}.Debug|Any CPU.Build.0 = Debug|Any CPU
		{7A7A7A7A-7A7A-7A7A-7A7A-7A7A7A7A7A7A}.Debug|x64.ActiveCfg = Debug|Any CPU
		{7A7A7A7A-7A7A-7A7A-7A7A-7A7A7A7A7A7A}.Debug|x64.Build.0 = Debug|Any CPU
		{7A7A7A7A-7A7A-7A7A-7A7A-7A7A7A7A7A7A}.Debug|x86.ActiveCfg = Debug|Any CPU
		{7A7A7A7A-7A7A-7A7A-7A7A-7A7A7A7A7A7A}.Debug|x86.Build.0 = Debug|Any CPU
		{7A7A7A7A-7A7A-7A7A-7A7A-7A7A7A7A7A7A}.Release|Any CPU.ActiveCfg = Release|Any CPU
		{7A7A7A7A-7A7A-7A7A-7A7A-7A7A7A7A7A7A}.Release|Any CPU.Build.0 = Release|Any CPU
		{7A7A7A7A-7A7A-7A7A-7A7A-7A7A7A7A7A7A}.Release|x64.ActiveCfg = Release|Any CPU
		{7A7A7A7A-7A7A-7A7A-7A7A-7A7A7A7A7A7A}.Release|x64.Build.0 = Release|Any CPU
		{7A7A7A7A-7A7A-7A7A-7A7A-7A7A7A7A7A7A}.Release|x86.ActiveCfg = Release|Any CPU
		{7A7A7A7A-7A7A-7A7A-7A7A-7A7A7A7A7A7A}.Release|x86.Build.0 = Release|Any CPU
		{8B8B8B8B-8B8B-8B8B-8B8B-8B8B8B8B8B8B}.Debug|Any CPU.ActiveCfg = Debug|Any CPU
		{8B8B8B8B-8B8B-8B8B-8B8B-8B8B8B8B8B8B}.Debug|Any CPU.Build.0 = Debug|Any CPU
		{8B8B8B8B-8B8B-8B8B-8B8B-8B8B8B8B8B8B}.Debug|x64.ActiveCfg = Debug|Any CPU
		{8B8B8B8B-8B8B-8B8B-8B8B-8B8B8B8B8B8B}.Debug|x64.Build.0 = Debug|Any CPU
		{8B8B8B8B-8B8B-8B8B-8B8B-8B8B8B8B8B8B}.Debug|x86.ActiveCfg = Debug|Any CPU
		{8B8B8B8B-8B8B-8B8B-8B8B-8B8B8B8B8B8B}.Debug|x86.Build.0 = Debug|Any CPU
		{8B8B8B8B-8B8B-8B8B-8B8B-8B8B8B8B8B8B}.Release|Any CPU.ActiveCfg = Release|Any CPU
		{8B8B8B8B-8B8B-8B8B-8B8B-8B8B8B8B8B8B}.Release|Any CPU.Build.0 = Release|Any CPU
		{8B8B8B8B-8B8B-8B8B-8B8B-8B8B8B8B8B8B}.Release|x64.ActiveCfg = Release|Any CPU
		{8B8B8B8B-8B8B-8B8B-8B8B-8B8B8B8B8B8B}.Release|x64.Build.0 = Release|Any CPU
		{8B8B8B8B-8B8B-8B8B-8B8B-8B8B8B8B8B8B}.Release|x86.ActiveCfg = Release|Any CPU
		{8B8B8B8B-8B8B-8B8B-8B8B-8B8B8B8B8B8B}.Release|x86.Build.0 = Release|Any CPU
		{9C9C9C9C-9C9C-9C9C-9C9C-9C9C9C9C9C9C}.Debug|Any CPU.ActiveCfg = Debug|Any CPU
		{9C9C9C9C-9C9C-9C9C-9C9C-9C9C9C9C9C9C}.Debug|Any CPU.Build.0 = Debug|Any CPU
		{9C9C9C9C-9C9C-9C9C-9C9C-9C9C9C9C9C9C}.Debug|x64.ActiveCfg = Debug|Any CPU
		{9C9C9C9C-9C9C-9C9C-9C9C-9C9C9C9C9C9C}.Debug|x64.Build.0 = Debug|Any CPU
		{9C9C9C9C-9C9C-9C9C-9C9C-9C9C9C9C9C9C}.Debug|x86.ActiveCfg = Debug|Any CPU
		{9C9C9C9C-9C9C-9C9C-9C9C-9C9C9C9C9C9C}.Debug|x86.Build.0 = Debug|Any CPU
		{9C9C9C9C-9C9C-9C9C-9C9C-9C9C9C9C9C9C}.Release|Any CPU.ActiveCfg = Release|Any CPU
		{9C9C9C9C-9C9C-9C9C-9C9C-9C9C9C9C9C9C}.Release|Any CPU.Build.0 = Release|Any CPU
		{9C9C9C9C-9C9C-9C9C-9C9C-9C9C9C9C9C9C}.Release|x64.ActiveCfg = Release|Any CPU
		{9C9C9C9C-9C9C-9C9C-9C9C-9C9C9C9C9C9C}.Release|x64.Build.0 = Release|Any CPU
		{9C9C9C9C-9C9C-9C9C-9C9C-9C9C9C9C9C9C}.Release|x86.ActiveCfg = Release|Any CPU
		{9C9C9C9C-9C9C-9C9C-9C9C-9C9C9C9C9C9C}.Release|x86.Build.0 = Release|Any CPU
		{2D29DF2B-34E8-43FA-9250-2F6636484E5D}.Debug|Any CPU.ActiveCfg = Debug|Any CPU
		{2D29DF2B-34E8-43FA-9250-2F6636484E5D}.Debug|Any CPU.Build.0 = Debug|Any CPU
		{2D29DF2B-34E8-43FA-9250-2F6636484E5D}.Debug|x64.ActiveCfg = Debug|Any CPU
		{2D29DF2B-34E8-43FA-9250-2F6636484E5D}.Debug|x64.Build.0 = Debug|Any CPU
		{2D29DF2B-34E8-43FA-9250-2F6636484E5D}.Debug|x86.ActiveCfg = Debug|Any CPU
		{2D29DF2B-34E8-43FA-9250-2F6636484E5D}.Debug|x86.Build.0 = Debug|Any CPU
		{2D29DF2B-34E8-43FA-9250-2F6636484E5D}.Release|Any CPU.ActiveCfg = Release|Any CPU
		{2D29DF2B-34E8-43FA-9250-2F6636484E5D}.Release|Any CPU.Build.0 = Release|Any CPU
		{2D29DF2B-34E8-43FA-9250-2F6636484E5D}.Release|x64.ActiveCfg = Release|Any CPU
		{2D29DF2B-34E8-43FA-9250-2F6636484E5D}.Release|x64.Build.0 = Release|Any CPU
		{2D29DF2B-34E8-43FA-9250-2F6636484E5D}.Release|x86.ActiveCfg = Release|Any CPU
		{2D29DF2B-34E8-43FA-9250-2F6636484E5D}.Release|x86.Build.0 = Release|Any CPU
		{76F9C239-ADC6-486E-93CF-4AF6F638E9C0}.Debug|Any CPU.ActiveCfg = Debug|Any CPU
		{76F9C239-ADC6-486E-93CF-4AF6F638E9C0}.Debug|Any CPU.Build.0 = Debug|Any CPU
		{76F9C239-ADC6-486E-93CF-4AF6F638E9C0}.Debug|x64.ActiveCfg = Debug|Any CPU
		{76F9C239-ADC6-486E-93CF-4AF6F638E9C0}.Debug|x64.Build.0 = Debug|Any CPU
		{76F9C239-ADC6-486E-93CF-4AF6F638E9C0}.Debug|x86.ActiveCfg = Debug|Any CPU
		{76F9C239-ADC6-486E-93CF-4AF6F638E9C0}.Debug|x86.Build.0 = Debug|Any CPU
		{76F9C239-ADC6-486E-93CF-4AF6F638E9C0}.Release|Any CPU.ActiveCfg = Release|Any CPU
		{76F9C239-ADC6-486E-93CF-4AF6F638E9C0}.Release|Any CPU.Build.0 = Release|Any CPU
		{76F9C239-ADC6-486E-93CF-4AF6F638E9C0}.Release|x64.ActiveCfg = Release|Any CPU
		{76F9C239-ADC6-486E-93CF-4AF6F638E9C0}.Release|x64.Build.0 = Release|Any CPU
		{76F9C239-ADC6-486E-93CF-4AF6F638E9C0}.Release|x86.ActiveCfg = Release|Any CPU
		{76F9C239-ADC6-486E-93CF-4AF6F638E9C0}.Release|x86.Build.0 = Release|Any CPU
		{D13A6C4E-8E20-4F91-9E6E-6C8B5A7F2C11}.Debug|Any CPU.ActiveCfg = Debug|Any CPU
		{D13A6C4E-8E20-4F91-9E6E-6C8B5A7F2C11}.Debug|Any CPU.Build.0 = Debug|Any CPU
		{D13A6C4E-8E20-4F91-9E6E-6C8B5A7F2C11}.Debug|x64.ActiveCfg = Debug|Any CPU
		{D13A6C4E-8E20-4F91-9E6E-6C8B5A7F2C11}.Debug|x64.Build.0 = Debug|Any CPU
		{D13A6C4E-8E20-4F91-9E6E-6C8B5A7F2C11}.Debug|x86.ActiveCfg = Debug|Any CPU
		{D13A6C4E-8E20-4F91-9E6E-6C8B5A7F2C11}.Debug|x86.Build.0 = Debug|Any CPU
		{D13A6C4E-8E20-4F91-9E6E-6C8B5A7F2C11}.Release|Any CPU.ActiveCfg = Release|Any CPU
		{D13A6C4E-8E20-4F91-9E6E-6C8B5A7F2C11}.Release|Any CPU.Build.0 = Release|Any CPU
		{D13A6C4E-8E20-4F91-9E6E-6C8B5A7F2C11}.Release|x64.ActiveCfg = Release|Any CPU
		{D13A6C4E-8E20-4F91-9E6E-6C8B5A7F2C11}.Release|x64.Build.0 = Release|Any CPU
		{D13A6C4E-8E20-4F91-9E6E-6C8B5A7F2C11}.Release|x86.ActiveCfg = Release|Any CPU
		{D13A6C4E-8E20-4F91-9E6E-6C8B5A7F2C11}.Release|x86.Build.0 = Release|Any CPU
		{B68E65F4-13C2-40D9-9E8E-4C3B2E0C9A31}.Debug|Any CPU.ActiveCfg = Debug|Any CPU
		{B68E65F4-13C2-40D9-9E8E-4C3B2E0C9A31}.Debug|Any CPU.Build.0 = Debug|Any CPU
		{B68E65F4-13C2-40D9-9E8E-4C3B2E0C9A31}.Debug|x64.ActiveCfg = Debug|Any CPU
		{B68E65F4-13C2-40D9-9E8E-4C3B2E0C9A31}.Debug|x64.Build.0 = Debug|Any CPU
		{B68E65F4-13C2-40D9-9E8E-4C3B2E0C9A31}.Debug|x86.ActiveCfg = Debug|Any CPU
		{B68E65F4-13C2-40D9-9E8E-4C3B2E0C9A31}.Debug|x86.Build.0 = Debug|Any CPU
		{B68E65F4-13C2-40D9-9E8E-4C3B2E0C9A31}.Release|Any CPU.ActiveCfg = Release|Any CPU
		{B68E65F4-13C2-40D9-9E8E-4C3B2E0C9A31}.Release|Any CPU.Build.0 = Release|Any CPU
		{B68E65F4-13C2-40D9-9E8E-4C3B2E0C9A31}.Release|x64.ActiveCfg = Release|Any CPU
		{B68E65F4-13C2-40D9-9E8E-4C3B2E0C9A31}.Release|x64.Build.0 = Release|Any CPU
		{B68E65F4-13C2-40D9-9E8E-4C3B2E0C9A31}.Release|x86.ActiveCfg = Release|Any CPU
		{B68E65F4-13C2-40D9-9E8E-4C3B2E0C9A31}.Release|x86.Build.0 = Release|Any CPU
		{E1D71FE7-068D-45DF-BED8-4AC77FDB8877}.Debug|Any CPU.ActiveCfg = Debug|Any CPU
		{E1D71FE7-068D-45DF-BED8-4AC77FDB8877}.Debug|Any CPU.Build.0 = Debug|Any CPU
		{E1D71FE7-068D-45DF-BED8-4AC77FDB8877}.Debug|x64.ActiveCfg = Debug|Any CPU
		{E1D71FE7-068D-45DF-BED8-4AC77FDB8877}.Debug|x64.Build.0 = Debug|Any CPU
		{E1D71FE7-068D-45DF-BED8-4AC77FDB8877}.Debug|x86.ActiveCfg = Debug|Any CPU
		{E1D71FE7-068D-45DF-BED8-4AC77FDB8877}.Debug|x86.Build.0 = Debug|Any CPU
		{E1D71FE7-068D-45DF-BED8-4AC77FDB8877}.Release|Any CPU.ActiveCfg = Release|Any CPU
		{E1D71FE7-068D-45DF-BED8-4AC77FDB8877}.Release|Any CPU.Build.0 = Release|Any CPU
		{E1D71FE7-068D-45DF-BED8-4AC77FDB8877}.Release|x64.ActiveCfg = Release|Any CPU
		{E1D71FE7-068D-45DF-BED8-4AC77FDB8877}.Release|x64.Build.0 = Release|Any CPU
		{E1D71FE7-068D-45DF-BED8-4AC77FDB8877}.Release|x86.ActiveCfg = Release|Any CPU
		{E1D71FE7-068D-45DF-BED8-4AC77FDB8877}.Release|x86.Build.0 = Release|Any CPU
	EndGlobalSection
	GlobalSection(SolutionProperties) = preSolution
		HideSolutionNode = FALSE
	EndGlobalSection
EndGlobal
